
Microsoft Visual Studio Solution File, Format Version 12.00
# Visual Studio 15
Project("{FAE04EC0-301F-11D3-BF4B-00C04F79EFBC}") = "Assembly-CSharp", "Assembly-CSharp.csproj", "{DAB33433-FCAD-354E-8A7D-815EEE595164}"
EndProject
Project("{FAE04EC0-301F-11D3-BF4B-00C04F79EFBC}") = "Assembly-CSharp-Editor", "Assembly-CSharp-Editor.csproj", "{9243B325-1E9F-78D0-769D-340884CDEF93}"
EndProject
Global
	GlobalSection(SolutionConfigurationPlatforms) = preSolution
		Debug|Any CPU = Debug|Any CPU
		Release|Any CPU = Release|Any CPU
	EndGlobalSection
	GlobalSection(ProjectConfigurationPlatforms) = postSolution
		{DAB33433-FCAD-354E-8A7D-815EEE595164}.Debug|Any CPU.ActiveCfg = Debug|Any CPU
		{DAB33433-FCAD-354E-8A7D-815EEE595164}.Debug|Any CPU.Build.0 = Debug|Any CPU
		{DAB33433-FCAD-354E-8A7D-815EEE595164}.Release|Any CPU.ActiveCfg = Release|Any CPU
		{DAB33433-FCAD-354E-8A7D-815EEE595164}.Release|Any CPU.Build.0 = Release|Any CPU
		{9243B325-1E9F-78D0-769D-340884CDEF93}.Debug|Any CPU.ActiveCfg = Debug|Any CPU
		{9243B325-1E9F-78D0-769D-340884CDEF93}.Debug|Any CPU.Build.0 = Debug|Any CPU
		{9243B325-1E9F-78D0-769D-340884CDEF93}.Release|Any CPU.ActiveCfg = Release|Any CPU
		{9243B325-1E9F-78D0-769D-340884CDEF93}.Release|Any CPU.Build.0 = Release|Any CPU
	EndGlobalSection
	GlobalSection(SolutionProperties) = preSolution
		HideSolutionNode = FALSE
	EndGlobalSection
EndGlobal
